
Microsoft Visual Studio Solution File, Format Version 12.00
# Visual Studio 2013
VisualStudioVersion = 12.0.21005.1
MinimumVisualStudioVersion = 10.0.40219.1
Project("{FAE04EC0-301F-11D3-BF4B-00C04F79EFBC}") = "Server1", "Server1\Server1.csproj", "{11028E69-F5A3-48E2-A95B-DCD5370B8535}"
EndProject
Project("{FAE04EC0-301F-11D3-BF4B-00C04F79EFBC}") = "RoboOps.HomeClient", "Client1\RoboOps.HomeClient.csproj", "{FD613C89-AC77-43BD-B4D8-53BA474D0259}"
EndProject
Global
	GlobalSection(SolutionConfigurationPlatforms) = preSolution
		Debug|Any CPU = Debug|Any CPU
		Release|Any CPU = Release|Any CPU
	EndGlobalSection
	GlobalSection(ProjectConfigurationPlatforms) = postSolution
		{11028E69-F5A3-48E2-A95B-DCD5370B8535}.Debug|Any CPU.ActiveCfg = Debug|Any CPU
		{11028E69-F5A3-48E2-A95B-DCD5370B8535}.Debug|Any CPU.Build.0 = Debug|Any CPU
		{11028E69-F5A3-48E2-A95B-DCD5370B8535}.Release|Any CPU.ActiveCfg = Release|Any CPU
		{11028E69-F5A3-48E2-A95B-DCD5370B8535}.Release|Any CPU.Build.0 = Release|Any CPU
		{FD613C89-AC77-43BD-B4D8-53BA474D0259}.Debug|Any CPU.ActiveCfg = Debug|Any CPU
		{FD613C89-AC77-43BD-B4D8-53BA474D0259}.Debug|Any CPU.Build.0 = Debug|Any CPU
		{FD613C89-AC77-43BD-B4D8-53BA474D0259}.Release|Any CPU.ActiveCfg = Release|Any CPU
		{FD613C89-AC77-43BD-B4D8-53BA474D0259}.Release|Any CPU.Build.0 = Release|Any CPU
	EndGlobalSection
	GlobalSection(SolutionProperties) = preSolution
		HideSolutionNode = FALSE
	EndGlobalSection
EndGlobal
